
Microsoft Visual Studio Solution File, Format Version 12.00
# Visual Studio 15
VisualStudioVersion = 15.0.28010.0
MinimumVisualStudioVersion = 10.0.40219.1
Project("{9A19103F-16F7-4668-BE54-9A1E7A4F7556}") = "DBModel", "DBModel\DBModel.csproj", "{C25B87B8-70E7-43EA-8BEC-07D27759FE60}"
EndProject
Project("{9A19103F-16F7-4668-BE54-9A1E7A4F7556}") = "Serializer", "Serialize\Serializer.csproj", "{208AEEFF-5285-41D7-AFBD-7973EF32BF48}"
EndProject
Project("{9A19103F-16F7-4668-BE54-9A1E7A4F7556}") = "DBSqlite", "DBSqlite\DBSqlite.csproj", "{45AE83AE-CEE5-442B-9BF8-024D98070B73}"
EndProject
Project("{9A19103F-16F7-4668-BE54-9A1E7A4F7556}") = "BerkeleyDB", "BerkeleyDB\BerkeleyDB.csproj", "{45A6F622-73B5-420D-962E-F0D8A133F14A}"
EndProject
Project("{9A19103F-16F7-4668-BE54-9A1E7A4F7556}") = "ISQLDB", "ISQLDB\ISQLDB.csproj", "{9712DA43-4E97-4A21-AFDB-41F008A095AF}"
EndProject
Project("{9A19103F-16F7-4668-BE54-9A1E7A4F7556}") = "DBServer", "IDBServer\DBServer.csproj", "{5BE35967-5C5A-4C9F-8968-9F518F1F062C}"
EndProject
Project("{9A19103F-16F7-4668-BE54-9A1E7A4F7556}") = "RedisClient", "RedisClient\RedisClient.csproj", "{EAE39DCB-9555-4AD9-B01A-D677B062B20F}"
EndProject
Project("{9A19103F-16F7-4668-BE54-9A1E7A4F7556}") = "CoreWatcher", "CoreWatcher\CoreWatcher.csproj", "{8F58E90D-D339-4B56-8C99-4F7ED4E5EA1D}"
EndProject
Project("{9A19103F-16F7-4668-BE54-9A1E7A4F7556}") = "QueryPage", "QueryPage\QueryPage.csproj", "{184D05F3-7153-4302-90C6-81954DCB1DF5}"
EndProject
Project("{9A19103F-16F7-4668-BE54-9A1E7A4F7556}") = "ZMQNetSocket", "ZMQNetSocket\ZMQNetSocket.csproj", "{AF4F6E85-2E1D-49E1-9157-836F9DFE04D1}"
EndProject
Project("{9A19103F-16F7-4668-BE54-9A1E7A4F7556}") = "NetCSDB", "NetCSDB\NetCSDB.csproj", "{5D77CE5E-40BC-4B0A-971C-D5446104691A}"
EndProject
Project("{9A19103F-16F7-4668-BE54-9A1E7A4F7556}") = "SQLDB", "SQLDB\SQLDB.csproj", "{D27643D0-43E6-4447-B1B1-0ACA1B3DCD87}"
EndProject
Project("{9A19103F-16F7-4668-BE54-9A1E7A4F7556}") = "Hikari", "..\Hikari\Hikari\Hikari\Hikari.csproj", "{58E52952-41AF-4C96-8F0F-372812B5602C}"
EndProject
Project("{9A19103F-16F7-4668-BE54-9A1E7A4F7556}") = "ExecutorService", "..\ExecutorService\ExecutorService\ExecutorService\ExecutorService.csproj", "{F31431EB-2B99-4C92-B69F-3D0ECEFB4A14}"
EndProject
Project("{9A19103F-16F7-4668-BE54-9A1E7A4F7556}") = "DBClient", "DBClient\DBClient.csproj", "{4F1DB6D1-9C11-451F-9F45-734660DC9577}"
EndProject
Project("{9A19103F-16F7-4668-BE54-9A1E7A4F7556}") = "ConsoleApp1", "ConsoleApp1\ConsoleApp1.csproj", "{12E6E851-89E6-4C2F-9AAE-FF9B642BE0F7}"
EndProject
Global
	GlobalSection(SolutionConfigurationPlatforms) = preSolution
		Debug|Any CPU = Debug|Any CPU
		Debug|x64 = Debug|x64
		Release|Any CPU = Release|Any CPU
		Release|x64 = Release|x64
	EndGlobalSection
	GlobalSection(ProjectConfigurationPlatforms) = postSolution
		{C25B87B8-70E7-43EA-8BEC-07D27759FE60}.Debug|Any CPU.ActiveCfg = Debug|Any CPU
		{C25B87B8-70E7-43EA-8BEC-07D27759FE60}.Debug|Any CPU.Build.0 = Debug|Any CPU
		{C25B87B8-70E7-43EA-8BEC-07D27759FE60}.Debug|x64.ActiveCfg = Debug|x64
		{C25B87B8-70E7-43EA-8BEC-07D27759FE60}.Debug|x64.Build.0 = Debug|x64
		{C25B87B8-70E7-43EA-8BEC-07D27759FE60}.Release|Any CPU.ActiveCfg = Release|Any CPU
		{C25B87B8-70E7-43EA-8BEC-07D27759FE60}.Release|Any CPU.Build.0 = Release|Any CPU
		{C25B87B8-70E7-43EA-8BEC-07D27759FE60}.Release|x64.ActiveCfg = Release|x64
		{C25B87B8-70E7-43EA-8BEC-07D27759FE60}.Release|x64.Build.0 = Release|x64
		{208AEEFF-5285-41D7-AFBD-7973EF32BF48}.Debug|Any CPU.ActiveCfg = Debug|Any CPU
		{208AEEFF-5285-41D7-AFBD-7973EF32BF48}.Debug|Any CPU.Build.0 = Debug|Any CPU
		{208AEEFF-5285-41D7-AFBD-7973EF32BF48}.Debug|x64.ActiveCfg = Debug|x64
		{208AEEFF-5285-41D7-AFBD-7973EF32BF48}.Debug|x64.Build.0 = Debug|x64
		{208AEEFF-5285-41D7-AFBD-7973EF32BF48}.Release|Any CPU.ActiveCfg = Release|Any CPU
		{208AEEFF-5285-41D7-AFBD-7973EF32BF48}.Release|Any CPU.Build.0 = Release|Any CPU
		{208AEEFF-5285-41D7-AFBD-7973EF32BF48}.Release|x64.ActiveCfg = Release|x64
		{208AEEFF-5285-41D7-AFBD-7973EF32BF48}.Release|x64.Build.0 = Release|x64
		{45AE83AE-CEE5-442B-9BF8-024D98070B73}.Debug|Any CPU.ActiveCfg = Debug|Any CPU
		{45AE83AE-CEE5-442B-9BF8-024D98070B73}.Debug|Any CPU.Build.0 = Debug|Any CPU
		{45AE83AE-CEE5-442B-9BF8-024D98070B73}.Debug|x64.ActiveCfg = Debug|x64
		{45AE83AE-CEE5-442B-9BF8-024D98070B73}.Debug|x64.Build.0 = Debug|x64
		{45AE83AE-CEE5-442B-9BF8-024D98070B73}.Release|Any CPU.ActiveCfg = Release|Any CPU
		{45AE83AE-CEE5-442B-9BF8-024D98070B73}.Release|Any CPU.Build.0 = Release|Any CPU
		{45AE83AE-CEE5-442B-9BF8-024D98070B73}.Release|x64.ActiveCfg = Release|x64
		{45AE83AE-CEE5-442B-9BF8-024D98070B73}.Release|x64.Build.0 = Release|x64
		{45A6F622-73B5-420D-962E-F0D8A133F14A}.Debug|Any CPU.ActiveCfg = Debug|Any CPU
		{45A6F622-73B5-420D-962E-F0D8A133F14A}.Debug|Any CPU.Build.0 = Debug|Any CPU
		{45A6F622-73B5-420D-962E-F0D8A133F14A}.Debug|x64.ActiveCfg = Debug|x64
		{45A6F622-73B5-420D-962E-F0D8A133F14A}.Debug|x64.Build.0 = Debug|x64
		{45A6F622-73B5-420D-962E-F0D8A133F14A}.Release|Any CPU.ActiveCfg = Release|Any CPU
		{45A6F622-73B5-420D-962E-F0D8A133F14A}.Release|Any CPU.Build.0 = Release|Any CPU
		{45A6F622-73B5-420D-962E-F0D8A133F14A}.Release|x64.ActiveCfg = Release|x64
		{45A6F622-73B5-420D-962E-F0D8A133F14A}.Release|x64.Build.0 = Release|x64
		{9712DA43-4E97-4A21-AFDB-41F008A095AF}.Debug|Any CPU.ActiveCfg = Debug|Any CPU
		{9712DA43-4E97-4A21-AFDB-41F008A095AF}.Debug|Any CPU.Build.0 = Debug|Any CPU
		{9712DA43-4E97-4A21-AFDB-41F008A095AF}.Debug|x64.ActiveCfg = Debug|Any CPU
		{9712DA43-4E97-4A21-AFDB-41F008A095AF}.Debug|x64.Build.0 = Debug|Any CPU
		{9712DA43-4E97-4A21-AFDB-41F008A095AF}.Release|Any CPU.ActiveCfg = Release|Any CPU
		{9712DA43-4E97-4A21-AFDB-41F008A095AF}.Release|Any CPU.Build.0 = Release|Any CPU
		{9712DA43-4E97-4A21-AFDB-41F008A095AF}.Release|x64.ActiveCfg = Release|Any CPU
		{9712DA43-4E97-4A21-AFDB-41F008A095AF}.Release|x64.Build.0 = Release|Any CPU
		{5BE35967-5C5A-4C9F-8968-9F518F1F062C}.Debug|Any CPU.ActiveCfg = Debug|Any CPU
		{5BE35967-5C5A-4C9F-8968-9F518F1F062C}.Debug|Any CPU.Build.0 = Debug|Any CPU
		{5BE35967-5C5A-4C9F-8968-9F518F1F062C}.Debug|x64.ActiveCfg = Debug|Any CPU
		{5BE35967-5C5A-4C9F-8968-9F518F1F062C}.Debug|x64.Build.0 = Debug|Any CPU
		{5BE35967-5C5A-4C9F-8968-9F518F1F062C}.Release|Any CPU.ActiveCfg = Release|Any CPU
		{5BE35967-5C5A-4C9F-8968-9F518F1F062C}.Release|Any CPU.Build.0 = Release|Any CPU
		{5BE35967-5C5A-4C9F-8968-9F518F1F062C}.Release|x64.ActiveCfg = Release|Any CPU
		{5BE35967-5C5A-4C9F-8968-9F518F1F062C}.Release|x64.Build.0 = Release|Any CPU
		{EAE39DCB-9555-4AD9-B01A-D677B062B20F}.Debug|Any CPU.ActiveCfg = Debug|Any CPU
		{EAE39DCB-9555-4AD9-B01A-D677B062B20F}.Debug|Any CPU.Build.0 = Debug|Any CPU
		{EAE39DCB-9555-4AD9-B01A-D677B062B20F}.Debug|x64.ActiveCfg = Debug|Any CPU
		{EAE39DCB-9555-4AD9-B01A-D677B062B20F}.Debug|x64.Build.0 = Debug|Any CPU
		{EAE39DCB-9555-4AD9-B01A-D677B062B20F}.Release|Any CPU.ActiveCfg = Release|Any CPU
		{EAE39DCB-9555-4AD9-B01A-D677B062B20F}.Release|Any CPU.Build.0 = Release|Any CPU
		{EAE39DCB-9555-4AD9-B01A-D677B062B20F}.Release|x64.ActiveCfg = Release|Any CPU
		{EAE39DCB-9555-4AD9-B01A-D677B062B20F}.Release|x64.Build.0 = Release|Any CPU
		{8F58E90D-D339-4B56-8C99-4F7ED4E5EA1D}.Debug|Any CPU.ActiveCfg = Debug|Any CPU
		{8F58E90D-D339-4B56-8C99-4F7ED4E5EA1D}.Debug|Any CPU.Build.0 = Debug|Any CPU
		{8F58E90D-D339-4B56-8C99-4F7ED4E5EA1D}.Debug|x64.ActiveCfg = Debug|Any CPU
		{8F58E90D-D339-4B56-8C99-4F7ED4E5EA1D}.Debug|x64.Build.0 = Debug|Any CPU
		{8F58E90D-D339-4B56-8C99-4F7ED4E5EA1D}.Release|Any CPU.ActiveCfg = Release|Any CPU
		{8F58E90D-D339-4B56-8C99-4F7ED4E5EA1D}.Release|Any CPU.Build.0 = Release|Any CPU
		{8F58E90D-D339-4B56-8C99-4F7ED4E5EA1D}.Release|x64.ActiveCfg = Release|Any CPU
		{8F58E90D-D339-4B56-8C99-4F7ED4E5EA1D}.Release|x64.Build.0 = Release|Any CPU
		{184D05F3-7153-4302-90C6-81954DCB1DF5}.Debug|Any CPU.ActiveCfg = Debug|Any CPU
		{184D05F3-7153-4302-90C6-81954DCB1DF5}.Debug|Any CPU.Build.0 = Debug|Any CPU
		{184D05F3-7153-4302-90C6-81954DCB1DF5}.Debug|x64.ActiveCfg = Debug|Any CPU
		{184D05F3-7153-4302-90C6-81954DCB1DF5}.Debug|x64.Build.0 = Debug|Any CPU
		{184D05F3-7153-4302-90C6-81954DCB1DF5}.Release|Any CPU.ActiveCfg = Release|Any CPU
		{184D05F3-7153-4302-90C6-81954DCB1DF5}.Release|Any CPU.Build.0 = Release|Any CPU
		{184D05F3-7153-4302-90C6-81954DCB1DF5}.Release|x64.ActiveCfg = Release|Any CPU
		{184D05F3-7153-4302-90C6-81954DCB1DF5}.Release|x64.Build.0 = Release|Any CPU
		{AF4F6E85-2E1D-49E1-9157-836F9DFE04D1}.Debug|Any CPU.ActiveCfg = Debug|Any CPU
		{AF4F6E85-2E1D-49E1-9157-836F9DFE04D1}.Debug|Any CPU.Build.0 = Debug|Any CPU
		{AF4F6E85-2E1D-49E1-9157-836F9DFE04D1}.Debug|x64.ActiveCfg = Debug|Any CPU
		{AF4F6E85-2E1D-49E1-9157-836F9DFE04D1}.Debug|x64.Build.0 = Debug|Any CPU
		{AF4F6E85-2E1D-49E1-9157-836F9DFE04D1}.Release|Any CPU.ActiveCfg = Release|Any CPU
		{AF4F6E85-2E1D-49E1-9157-836F9DFE04D1}.Release|Any CPU.Build.0 = Release|Any CPU
		{AF4F6E85-2E1D-49E1-9157-836F9DFE04D1}.Release|x64.ActiveCfg = Release|Any CPU
		{AF4F6E85-2E1D-49E1-9157-836F9DFE04D1}.Release|x64.Build.0 = Release|Any CPU
		{5D77CE5E-40BC-4B0A-971C-D5446104691A}.Debug|Any CPU.ActiveCfg = Debug|Any CPU
		{5D77CE5E-40BC-4B0A-971C-D5446104691A}.Debug|Any CPU.Build.0 = Debug|Any CPU
		{5D77CE5E-40BC-4B0A-971C-D5446104691A}.Debug|x64.ActiveCfg = Debug|Any CPU
		{5D77CE5E-40BC-4B0A-971C-D5446104691A}.Debug|x64.Build.0 = Debug|Any CPU
		{5D77CE5E-40BC-4B0A-971C-D5446104691A}.Release|Any CPU.ActiveCfg = Release|Any CPU
		{5D77CE5E-40BC-4B0A-971C-D5446104691A}.Release|Any CPU.Build.0 = Release|Any CPU
		{5D77CE5E-40BC-4B0A-971C-D5446104691A}.Release|x64.ActiveCfg = Release|Any CPU
		{5D77CE5E-40BC-4B0A-971C-D5446104691A}.Release|x64.Build.0 = Release|Any CPU
		{D27643D0-43E6-4447-B1B1-0ACA1B3DCD87}.Debug|Any CPU.ActiveCfg = Debug|Any CPU
		{D27643D0-43E6-4447-B1B1-0ACA1B3DCD87}.Debug|Any CPU.Build.0 = Debug|Any CPU
		{D27643D0-43E6-4447-B1B1-0ACA1B3DCD87}.Debug|x64.ActiveCfg = Debug|x64
		{D27643D0-43E6-4447-B1B1-0ACA1B3DCD87}.Debug|x64.Build.0 = Debug|x64
		{D27643D0-43E6-4447-B1B1-0ACA1B3DCD87}.Release|Any CPU.ActiveCfg = Release|Any CPU
		{D27643D0-43E6-4447-B1B1-0ACA1B3DCD87}.Release|Any CPU.Build.0 = Release|Any CPU
		{D27643D0-43E6-4447-B1B1-0ACA1B3DCD87}.Release|x64.ActiveCfg = Release|x64
		{D27643D0-43E6-4447-B1B1-0ACA1B3DCD87}.Release|x64.Build.0 = Release|x64
		{58E52952-41AF-4C96-8F0F-372812B5602C}.Debug|Any CPU.ActiveCfg = Debug|Any CPU
		{58E52952-41AF-4C96-8F0F-372812B5602C}.Debug|Any CPU.Build.0 = Debug|Any CPU
		{58E52952-41AF-4C96-8F0F-372812B5602C}.Debug|x64.ActiveCfg = Debug|Any CPU
		{58E52952-41AF-4C96-8F0F-372812B5602C}.Debug|x64.Build.0 = Debug|Any CPU
		{58E52952-41AF-4C96-8F0F-372812B5602C}.Release|Any CPU.ActiveCfg = Release|Any CPU
		{58E52952-41AF-4C96-8F0F-372812B5602C}.Release|Any CPU.Build.0 = Release|Any CPU
		{58E52952-41AF-4C96-8F0F-372812B5602C}.Release|x64.ActiveCfg = Release|Any CPU
		{58E52952-41AF-4C96-8F0F-372812B5602C}.Release|x64.Build.0 = Release|Any CPU
		{F31431EB-2B99-4C92-B69F-3D0ECEFB4A14}.Debug|Any CPU.ActiveCfg = Debug|Any CPU
		{F31431EB-2B99-4C92-B69F-3D0ECEFB4A14}.Debug|Any CPU.Build.0 = Debug|Any CPU
		{F31431EB-2B99-4C92-B69F-3D0ECEFB4A14}.Debug|x64.ActiveCfg = Debug|Any CPU
		{F31431EB-2B99-4C92-B69F-3D0ECEFB4A14}.Debug|x64.Build.0 = Debug|Any CPU
		{F31431EB-2B99-4C92-B69F-3D0ECEFB4A14}.Release|Any CPU.ActiveCfg = Release|Any CPU
		{F31431EB-2B99-4C92-B69F-3D0ECEFB4A14}.Release|Any CPU.Build.0 = Release|Any CPU
		{F31431EB-2B99-4C92-B69F-3D0ECEFB4A14}.Release|x64.ActiveCfg = Release|Any CPU
		{F31431EB-2B99-4C92-B69F-3D0ECEFB4A14}.Release|x64.Build.0 = Release|Any CPU
		{4F1DB6D1-9C11-451F-9F45-734660DC9577}.Debug|Any CPU.ActiveCfg = Debug|Any CPU
		{4F1DB6D1-9C11-451F-9F45-734660DC9577}.Debug|Any CPU.Build.0 = Debug|Any CPU
		{4F1DB6D1-9C11-451F-9F45-734660DC9577}.Debug|x64.ActiveCfg = Debug|Any CPU
		{4F1DB6D1-9C11-451F-9F45-734660DC9577}.Debug|x64.Build.0 = Debug|Any CPU
		{4F1DB6D1-9C11-451F-9F45-734660DC9577}.Release|Any CPU.ActiveCfg = Release|Any CPU
		{4F1DB6D1-9C11-451F-9F45-734660DC9577}.Release|Any CPU.Build.0 = Release|Any CPU
		{4F1DB6D1-9C11-451F-9F45-734660DC9577}.Release|x64.ActiveCfg = Release|Any CPU
		{4F1DB6D1-9C11-451F-9F45-734660DC9577}.Release|x64.Build.0 = Release|Any CPU
		{12E6E851-89E6-4C2F-9AAE-FF9B642BE0F7}.Debug|Any CPU.ActiveCfg = Debug|Any CPU
		{12E6E851-89E6-4C2F-9AAE-FF9B642BE0F7}.Debug|Any CPU.Build.0 = Debug|Any CPU
		{12E6E851-89E6-4C2F-9AAE-FF9B642BE0F7}.Debug|x64.ActiveCfg = Debug|Any CPU
		{12E6E851-89E6-4C2F-9AAE-FF9B642BE0F7}.Debug|x64.Build.0 = Debug|Any CPU
		{12E6E851-89E6-4C2F-9AAE-FF9B642BE0F7}.Release|Any CPU.ActiveCfg = Release|Any CPU
		{12E6E851-89E6-4C2F-9AAE-FF9B642BE0F7}.Release|Any CPU.Build.0 = Release|Any CPU
		{12E6E851-89E6-4C2F-9AAE-FF9B642BE0F7}.Release|x64.ActiveCfg = Release|Any CPU
		{12E6E851-89E6-4C2F-9AAE-FF9B642BE0F7}.Release|x64.Build.0 = Release|Any CPU
	EndGlobalSection
	GlobalSection(SolutionProperties) = preSolution
		HideSolutionNode = FALSE
	EndGlobalSection
	GlobalSection(ExtensibilityGlobals) = postSolution
		SolutionGuid = {B1B443B6-3CCD-4204-9D51-F307277AD3DF}
	EndGlobalSection
EndGlobal
